
Microsoft Visual Studio Solution File, Format Version 12.00
# Visual Studio Version 16
VisualStudioVersion = 16.0.30011.22
MinimumVisualStudioVersion = 10.0.40219.1
Project("{FAE04EC0-301F-11D3-BF4B-00C04F79EFBC}") = "App.UI.Web.MVC", "App.UI.Web.MVC\App.UI.Web.MVC.csproj", "{237BB875-F367-4FF2-90E6-8AF2C78DCEE8}"
EndProject
Global
	GlobalSection(SolutionConfigurationPlatforms) = preSolution
		Debug|Any CPU = Debug|Any CPU
		Release|Any CPU = Release|Any CPU
	EndGlobalSection
	GlobalSection(ProjectConfigurationPlatforms) = postSolution
		{237BB875-F367-4FF2-90E6-8AF2C78DCEE8}.Debug|Any CPU.ActiveCfg = Debug|Any CPU
		{237BB875-F367-4FF2-90E6-8AF2C78DCEE8}.Debug|Any CPU.Build.0 = Debug|Any CPU
		{237BB875-F367-4FF2-90E6-8AF2C78DCEE8}.Release|Any CPU.ActiveCfg = Release|Any CPU
		{237BB875-F367-4FF2-90E6-8AF2C78DCEE8}.Release|Any CPU.Build.0 = Release|Any CPU
	EndGlobalSection
	GlobalSection(SolutionProperties) = preSolution
		HideSolutionNode = FALSE
	EndGlobalSection
	GlobalSection(ExtensibilityGlobals) = postSolution
		SolutionGuid = {12982218-AAF5-436E-ABAF-5FD4F3290222}
	EndGlobalSection
EndGlobal
